
Microsoft Visual Studio Solution File, Format Version 12.00
# Visual Studio Version 16
VisualStudioVersion = 16.0.30413.136
MinimumVisualStudioVersion = 10.0.40219.1
Project("{9A19103F-16F7-4668-BE54-9A1E7A4F7556}") = "ZPastel.Model", "ZPastel.Model\ZPastel.Model.csproj", "{2B8703E6-8457-4B69-AD37-AD724653784F}"
EndProject
Project("{9A19103F-16F7-4668-BE54-9A1E7A4F7556}") = "ZPastel.Service", "ZPastel.Service\ZPastel.Service.csproj", "{C1BD65F6-5BBB-41AD-B4CA-5C7F24122C56}"
EndProject
Project("{9A19103F-16F7-4668-BE54-9A1E7A4F7556}") = "ZPastel.Service.Tests", "ZPastel.Service.Tests\ZPastel.Service.Tests.csproj", "{B19801D3-84EB-475E-9C5A-D3CA9ACD6C0F}"
EndProject
Project("{FAE04EC0-301F-11D3-BF4B-00C04F79EFBC}") = "ZPastel.API", "ZPastel.API\ZPastel.API.csproj", "{F2308363-A40D-454B-8622-6EAA9B02ACFF}"
EndProject
Project("{FAE04EC0-301F-11D3-BF4B-00C04F79EFBC}") = "ZPastel.Persistence", "ZPastel.Persistence\ZPastel.Persistence.csproj", "{3C2D4105-03F1-4D30-9751-D53CBCD5CF00}"
EndProject
Global
	GlobalSection(SolutionConfigurationPlatforms) = preSolution
		Debug|Any CPU = Debug|Any CPU
		Release|Any CPU = Release|Any CPU
	EndGlobalSection
	GlobalSection(ProjectConfigurationPlatforms) = postSolution
		{2B8703E6-8457-4B69-AD37-AD724653784F}.Debug|Any CPU.ActiveCfg = Debug|Any CPU
		{2B8703E6-8457-4B69-AD37-AD724653784F}.Debug|Any CPU.Build.0 = Debug|Any CPU
		{2B8703E6-8457-4B69-AD37-AD724653784F}.Release|Any CPU.ActiveCfg = Release|Any CPU
		{2B8703E6-8457-4B69-AD37-AD724653784F}.Release|Any CPU.Build.0 = Release|Any CPU
		{C1BD65F6-5BBB-41AD-B4CA-5C7F24122C56}.Debug|Any CPU.ActiveCfg = Debug|Any CPU
		{C1BD65F6-5BBB-41AD-B4CA-5C7F24122C56}.Debug|Any CPU.Build.0 = Debug|Any CPU
		{C1BD65F6-5BBB-41AD-B4CA-5C7F24122C56}.Release|Any CPU.ActiveCfg = Release|Any CPU
		{C1BD65F6-5BBB-41AD-B4CA-5C7F24122C56}.Release|Any CPU.Build.0 = Release|Any CPU
		{B19801D3-84EB-475E-9C5A-D3CA9ACD6C0F}.Debug|Any CPU.ActiveCfg = Debug|Any CPU
		{B19801D3-84EB-475E-9C5A-D3CA9ACD6C0F}.Debug|Any CPU.Build.0 = Debug|Any CPU
		{B19801D3-84EB-475E-9C5A-D3CA9ACD6C0F}.Release|Any CPU.ActiveCfg = Release|Any CPU
		{B19801D3-84EB-475E-9C5A-D3CA9ACD6C0F}.Release|Any CPU.Build.0 = Release|Any CPU
		{F2308363-A40D-454B-8622-6EAA9B02ACFF}.Debug|Any CPU.ActiveCfg = Debug|Any CPU
		{F2308363-A40D-454B-8622-6EAA9B02ACFF}.Debug|Any CPU.Build.0 = Debug|Any CPU
		{F2308363-A40D-454B-8622-6EAA9B02ACFF}.Release|Any CPU.ActiveCfg = Release|Any CPU
		{F2308363-A40D-454B-8622-6EAA9B02ACFF}.Release|Any CPU.Build.0 = Release|Any CPU
		{3C2D4105-03F1-4D30-9751-D53CBCD5CF00}.Debug|Any CPU.ActiveCfg = Debug|Any CPU
		{3C2D4105-03F1-4D30-9751-D53CBCD5CF00}.Debug|Any CPU.Build.0 = Debug|Any CPU
		{3C2D4105-03F1-4D30-9751-D53CBCD5CF00}.Release|Any CPU.ActiveCfg = Release|Any CPU
		{3C2D4105-03F1-4D30-9751-D53CBCD5CF00}.Release|Any CPU.Build.0 = Release|Any CPU
	EndGlobalSection
	GlobalSection(SolutionProperties) = preSolution
		HideSolutionNode = FALSE
	EndGlobalSection
	GlobalSection(ExtensibilityGlobals) = postSolution
		SolutionGuid = {F0B537E4-BE56-499E-9ABF-F6ED2CB9D3CE}
	EndGlobalSection
EndGlobal
